{
  "name": "@lidcore/bs-node",
  "version": "0.3.0",
  "lockfileVersion": 1,
  "requires": true,
  "dependencies": {
    "bs-callback": {
      "version": "1.3.6",
      "resolved": "https://registry.npmjs.org/bs-callback/-/bs-callback-1.3.6.tgz",
      "integrity": "sha1-wk4PFpsrHzZeRN1pxUcVa5FT3BM=",
      "dev": true
    },
    "bs-platform": {
      "version": "3.1.3",
      "resolved": "https://registry.npmjs.org/bs-platform/-/bs-platform-3.1.3.tgz",
      "integrity": "sha1-lccFhHNeK1CSL1NHFZ1tiRgCMfY=",
      "dev": true
    }
  }
}
